{
    "name": "tugberk.web",
    "version": "0.0.0",
    "lockfileVersion": 1,
    "requires": true,
    "dependencies": {
        "bootstrap": {
            "version": "4.1.3",
            "resolved": "https://registry.npmjs.org/bootstrap/-/bootstrap-4.1.3.tgz",
            "integrity": "sha512-rDFIzgXcof0jDyjNosjv4Sno77X4KuPeFxG2XZZv1/Kc8DRVGVADdoQyyOVDwPqL36DDmtCQbrpMCqvpPLJQ0w=="
        },
        "font-awesome": {
            "version": "4.7.0",
            "resolved": "https://registry.npmjs.org/font-awesome/-/font-awesome-4.7.0.tgz",
            "integrity": "sha1-j6jPBBGhoxr9B7BtKQK7n8gVoTM="
        },
        "jquery": {
            "version": "3.2.1",
            "resolved": "https://registry.npmjs.org/jquery/-/jquery-3.2.1.tgz",
            "integrity": "sha1-XE2d5lKvbNCncBVKYxu6ErAVx4c="
        },
        "jquery-validation": {
            "version": "1.17.0",
            "resolved": "https://registry.npmjs.org/jquery-validation/-/jquery-validation-1.17.0.tgz",
            "integrity": "sha512-XddiAwhGdWhcIJ+W3ri3KG8uTPMua4TPYuUIC8/E7lOyqdScG5xHuy9YishlKc0c/lIQai77EX7hxMdTSYCEjA==",
            "requires": {
                "jquery": "3.2.1"
            }
        },
        "jquery-validation-unobtrusive": {
            "version": "3.2.11",
            "resolved": "https://registry.npmjs.org/jquery-validation-unobtrusive/-/jquery-validation-unobtrusive-3.2.11.tgz",
            "integrity": "sha512-3FQPllaWdD+Aq55zJLGSW39+eXPDz1HhwAvrSwYi8zHQ8DVcu5IJ1HVeTiCl0BnCnrIBvfFU3zEB/DrGdcoRIQ==",
            "requires": {
                "jquery": "3.2.1",
                "jquery-validation": "1.17.0"
            }
        },
        "popper.js": {
            "version": "1.14.3",
            "resolved": "https://registry.npmjs.org/popper.js/-/popper.js-1.14.3.tgz",
            "integrity": "sha1-FDj5jQRqz3tNeM1QK/QYrGTU8JU="
        },
        "summernote": {
            "version": "0.8.10",
            "resolved": "https://registry.npmjs.org/summernote/-/summernote-0.8.10.tgz",
            "integrity": "sha512-1b4ESCiY9HW+12HYXCntjbThVgeYNaYKfKL7pC4Jqjo/WDS4G4mMtd2kPuCw56HxeRT67d+zlehopaE+M4o6aQ=="
        }
    }
}
