{
    "name": "tugberk.web",
    "version": "0.0.0",
    "lockfileVersion": 1,
    "dependencies": {
        "bootstrap": {
            "version": "4.0.0-alpha.6",
            "resolved": "https://registry.npmjs.org/bootstrap/-/bootstrap-4.0.0-alpha.6.tgz",
            "integrity": "sha1-T1TdM6wN6sOyhAe8LffsYIhpycg="
        },
        "font-awesome": {
            "version": "4.7.0",
            "resolved": "https://registry.npmjs.org/font-awesome/-/font-awesome-4.7.0.tgz",
            "integrity": "sha1-j6jPBBGhoxr9B7BtKQK7n8gVoTM="
        },
        "jquery": {
            "version": "3.2.1",
            "resolved": "https://registry.npmjs.org/jquery/-/jquery-3.2.1.tgz",
            "integrity": "sha1-XE2d5lKvbNCncBVKYxu6ErAVx4c="
        },
        "jquery-validation": {
            "version": "1.17.0",
            "resolved": "https://registry.npmjs.org/jquery-validation/-/jquery-validation-1.17.0.tgz",
            "integrity": "sha512-XddiAwhGdWhcIJ+W3ri3KG8uTPMua4TPYuUIC8/E7lOyqdScG5xHuy9YishlKc0c/lIQai77EX7hxMdTSYCEjA=="
        },
        "jquery-validation-unobtrusive": {
            "version": "3.2.6",
            "resolved": "https://registry.npmjs.org/jquery-validation-unobtrusive/-/jquery-validation-unobtrusive-3.2.6.tgz",
            "integrity": "sha1-D4dnxUYuMLSldD0SRh6AV9p1cuU="
        },
        "summernote": {
            "version": "0.8.8",
            "resolved": "https://registry.npmjs.org/summernote/-/summernote-0.8.8.tgz",
            "integrity": "sha1-MkT/lF5awWcFGdSwxBjkA0Ecrj4=",
            "dependencies": {
                "bootstrap": {
                    "version": "3.3.7",
                    "resolved": "https://registry.npmjs.org/bootstrap/-/bootstrap-3.3.7.tgz",
                    "integrity": "sha1-WjiTlFSfIzMIdaOxUGVldPip63E="
                }
            }
        },
        "tether": {
            "version": "1.4.0",
            "resolved": "https://registry.npmjs.org/tether/-/tether-1.4.0.tgz",
            "integrity": "sha1-D5+hcfdb9YSF2BSelHmdeudNHBo="
        }
    }
}
